<Solution>
  <Folder Name="/src/" />
  <Folder Name="/src/backend/">
    <Project Path="src/backend/TenderLens.Api/TenderLens.Api.csproj" />
    <Project Path="src/backend/TenderLens.Data/TenderLens.Data.csproj" />
    <Project Path="src/backend/TenderLens.Ingestion/TenderLens.Ingestion.csproj" />
  </Folder>
  <Folder Name="/tests/" />
  <Folder Name="/tests/backend/">
    <Project Path="tests/backend/TenderLens.Tests/TenderLens.Tests.csproj" />
  </Folder>
</Solution>
